
Microsoft Visual Studio Solution File, Format Version 12.00
# Visual Studio Version 18
VisualStudioVersion = 18.4.11626.88
MinimumVisualStudioVersion = 10.0.40219.1
Project("{2150E333-8FDC-42A3-9474-1A3956D46DE8}") = "Solution Items", "Solution Items", "{756BCAD0-B813-4A6C-82C6-238930E22071}"
	ProjectSection(SolutionItems) = preProject
		.dockerignore = .dockerignore
		docker-compose.yml = docker-compose.yml
		Dockerfile = Dockerfile
		nginx.conf = nginx.conf
	EndProjectSection
EndProject
Project("{FAE04EC0-301F-11D3-BF4B-00C04F79EFBC}") = "AMR.Forms.Fabrica.API", "src\AMR.Forms.Fabrica.API\AMR.Forms.Fabrica.API.csproj", "{CC5EB0BF-F541-40FE-8B22-06892BDB9B13}"
EndProject
Project("{2150E333-8FDC-42A3-9474-1A3956D46DE8}") = "src", "src", "{827E0CD3-B72D-47B6-A68D-7590B98EB39B}"
EndProject
Project("{FAE04EC0-301F-11D3-BF4B-00C04F79EFBC}") = "AMR.Forms.Fabrica.Domain", "src\AMR.Forms.Fabrica.Domain\AMR.Forms.Fabrica.Domain.csproj", "{FDB87CC4-8C85-4E68-9766-E5291D4CE183}"
EndProject
Project("{FAE04EC0-301F-11D3-BF4B-00C04F79EFBC}") = "AMR.Forms.Fabrica.Application", "src\AMR.Forms.Fabrica.Application\AMR.Forms.Fabrica.Application.csproj", "{2C1A57B2-4DC9-49FF-ABCC-31F42A66E891}"
EndProject
Project("{FAE04EC0-301F-11D3-BF4B-00C04F79EFBC}") = "AMR.Forms.Fabrica.Infrastructure", "src\AMR.Forms.Fabrica.Infrastructure\AMR.Forms.Fabrica.Infrastructure.csproj", "{8638BD4B-366B-4DC9-B6AE-2E0768826A96}"
EndProject
Project("{2150E333-8FDC-42A3-9474-1A3956D46DE8}") = "tests", "tests", "{0AB3BF05-4346-4AA6-1389-037BE0695223}"
EndProject
Project("{FAE04EC0-301F-11D3-BF4B-00C04F79EFBC}") = "AMR.Forms.Fabrica.Tests", "tests\AMR.Forms.Fabrica.Tests\AMR.Forms.Fabrica.Tests.csproj", "{4354FC3F-8E9D-4449-8B14-66780A4777A9}"
EndProject
Global
	GlobalSection(SolutionConfigurationPlatforms) = preSolution
		Debug|Any CPU = Debug|Any CPU
		Debug|x64 = Debug|x64
		Debug|x86 = Debug|x86
		Release|Any CPU = Release|Any CPU
		Release|x64 = Release|x64
		Release|x86 = Release|x86
	EndGlobalSection
	GlobalSection(ProjectConfigurationPlatforms) = postSolution
		{CC5EB0BF-F541-40FE-8B22-06892BDB9B13}.Debug|Any CPU.ActiveCfg = Debug|Any CPU
		{CC5EB0BF-F541-40FE-8B22-06892BDB9B13}.Debug|Any CPU.Build.0 = Debug|Any CPU
		{CC5EB0BF-F541-40FE-8B22-06892BDB9B13}.Debug|x64.ActiveCfg = Debug|Any CPU
		{CC5EB0BF-F541-40FE-8B22-06892BDB9B13}.Debug|x64.Build.0 = Debug|Any CPU
		{CC5EB0BF-F541-40FE-8B22-06892BDB9B13}.Debug|x86.ActiveCfg = Debug|Any CPU
		{CC5EB0BF-F541-40FE-8B22-06892BDB9B13}.Debug|x86.Build.0 = Debug|Any CPU
		{CC5EB0BF-F541-40FE-8B22-06892BDB9B13}.Release|Any CPU.ActiveCfg = Release|Any CPU
		{CC5EB0BF-F541-40FE-8B22-06892BDB9B13}.Release|Any CPU.Build.0 = Release|Any CPU
		{CC5EB0BF-F541-40FE-8B22-06892BDB9B13}.Release|x64.ActiveCfg = Release|Any CPU
		{CC5EB0BF-F541-40FE-8B22-06892BDB9B13}.Release|x64.Build.0 = Release|Any CPU
		{CC5EB0BF-F541-40FE-8B22-06892BDB9B13}.Release|x86.ActiveCfg = Release|Any CPU
		{CC5EB0BF-F541-40FE-8B22-06892BDB9B13}.Release|x86.Build.0 = Release|Any CPU
		{FDB87CC4-8C85-4E68-9766-E5291D4CE183}.Debug|Any CPU.ActiveCfg = Debug|Any CPU
		{FDB87CC4-8C85-4E68-9766-E5291D4CE183}.Debug|Any CPU.Build.0 = Debug|Any CPU
		{FDB87CC4-8C85-4E68-9766-E5291D4CE183}.Debug|x64.ActiveCfg = Debug|Any CPU
		{FDB87CC4-8C85-4E68-9766-E5291D4CE183}.Debug|x64.Build.0 = Debug|Any CPU
		{FDB87CC4-8C85-4E68-9766-E5291D4CE183}.Debug|x86.ActiveCfg = Debug|Any CPU
		{FDB87CC4-8C85-4E68-9766-E5291D4CE183}.Debug|x86.Build.0 = Debug|Any CPU
		{FDB87CC4-8C85-4E68-9766-E5291D4CE183}.Release|Any CPU.ActiveCfg = Release|Any CPU
		{FDB87CC4-8C85-4E68-9766-E5291D4CE183}.Release|Any CPU.Build.0 = Release|Any CPU
		{FDB87CC4-8C85-4E68-9766-E5291D4CE183}.Release|x64.ActiveCfg = Release|Any CPU
		{FDB87CC4-8C85-4E68-9766-E5291D4CE183}.Release|x64.Build.0 = Release|Any CPU
		{FDB87CC4-8C85-4E68-9766-E5291D4CE183}.Release|x86.ActiveCfg = Release|Any CPU
		{FDB87CC4-8C85-4E68-9766-E5291D4CE183}.Release|x86.Build.0 = Release|Any CPU
		{2C1A57B2-4DC9-49FF-ABCC-31F42A66E891}.Debug|Any CPU.ActiveCfg = Debug|Any CPU
		{2C1A57B2-4DC9-49FF-ABCC-31F42A66E891}.Debug|Any CPU.Build.0 = Debug|Any CPU
		{2C1A57B2-4DC9-49FF-ABCC-31F42A66E891}.Debug|x64.ActiveCfg = Debug|Any CPU
		{2C1A57B2-4DC9-49FF-ABCC-31F42A66E891}.Debug|x64.Build.0 = Debug|Any CPU
		{2C1A57B2-4DC9-49FF-ABCC-31F42A66E891}.Debug|x86.ActiveCfg = Debug|Any CPU
		{2C1A57B2-4DC9-49FF-ABCC-31F42A66E891}.Debug|x86.Build.0 = Debug|Any CPU
		{2C1A57B2-4DC9-49FF-ABCC-31F42A66E891}.Release|Any CPU.ActiveCfg = Release|Any CPU
		{2C1A57B2-4DC9-49FF-ABCC-31F42A66E891}.Release|Any CPU.Build.0 = Release|Any CPU
		{2C1A57B2-4DC9-49FF-ABCC-31F42A66E891}.Release|x64.ActiveCfg = Release|Any CPU
		{2C1A57B2-4DC9-49FF-ABCC-31F42A66E891}.Release|x64.Build.0 = Release|Any CPU
		{2C1A57B2-4DC9-49FF-ABCC-31F42A66E891}.Release|x86.ActiveCfg = Release|Any CPU
		{2C1A57B2-4DC9-49FF-ABCC-31F42A66E891}.Release|x86.Build.0 = Release|Any CPU
		{8638BD4B-366B-4DC9-B6AE-2E0768826A96}.Debug|Any CPU.ActiveCfg = Debug|Any CPU
		{8638BD4B-366B-4DC9-B6AE-2E0768826A96}.Debug|Any CPU.Build.0 = Debug|Any CPU
		{8638BD4B-366B-4DC9-B6AE-2E0768826A96}.Debug|x64.ActiveCfg = Debug|Any CPU
		{8638BD4B-366B-4DC9-B6AE-2E0768826A96}.Debug|x64.Build.0 = Debug|Any CPU
		{8638BD4B-366B-4DC9-B6AE-2E0768826A96}.Debug|x86.ActiveCfg = Debug|Any CPU
		{8638BD4B-366B-4DC9-B6AE-2E0768826A96}.Debug|x86.Build.0 = Debug|Any CPU
		{8638BD4B-366B-4DC9-B6AE-2E0768826A96}.Release|Any CPU.ActiveCfg = Release|Any CPU
		{8638BD4B-366B-4DC9-B6AE-2E0768826A96}.Release|Any CPU.Build.0 = Release|Any CPU
		{8638BD4B-366B-4DC9-B6AE-2E0768826A96}.Release|x64.ActiveCfg = Release|Any CPU
		{8638BD4B-366B-4DC9-B6AE-2E0768826A96}.Release|x64.Build.0 = Release|Any CPU
		{8638BD4B-366B-4DC9-B6AE-2E0768826A96}.Release|x86.ActiveCfg = Release|Any CPU
		{8638BD4B-366B-4DC9-B6AE-2E0768826A96}.Release|x86.Build.0 = Release|Any CPU
		{4354FC3F-8E9D-4449-8B14-66780A4777A9}.Debug|Any CPU.ActiveCfg = Debug|Any CPU
		{4354FC3F-8E9D-4449-8B14-66780A4777A9}.Debug|Any CPU.Build.0 = Debug|Any CPU
		{4354FC3F-8E9D-4449-8B14-66780A4777A9}.Debug|x64.ActiveCfg = Debug|Any CPU
		{4354FC3F-8E9D-4449-8B14-66780A4777A9}.Debug|x64.Build.0 = Debug|Any CPU
		{4354FC3F-8E9D-4449-8B14-66780A4777A9}.Debug|x86.ActiveCfg = Debug|Any CPU
		{4354FC3F-8E9D-4449-8B14-66780A4777A9}.Debug|x86.Build.0 = Debug|Any CPU
		{4354FC3F-8E9D-4449-8B14-66780A4777A9}.Release|Any CPU.ActiveCfg = Release|Any CPU
		{4354FC3F-8E9D-4449-8B14-66780A4777A9}.Release|Any CPU.Build.0 = Release|Any CPU
		{4354FC3F-8E9D-4449-8B14-66780A4777A9}.Release|x64.ActiveCfg = Release|Any CPU
		{4354FC3F-8E9D-4449-8B14-66780A4777A9}.Release|x64.Build.0 = Release|Any CPU
		{4354FC3F-8E9D-4449-8B14-66780A4777A9}.Release|x86.ActiveCfg = Release|Any CPU
		{4354FC3F-8E9D-4449-8B14-66780A4777A9}.Release|x86.Build.0 = Release|Any CPU
	EndGlobalSection
	GlobalSection(SolutionProperties) = preSolution
		HideSolutionNode = FALSE
	EndGlobalSection
	GlobalSection(NestedProjects) = preSolution
		{FDB87CC4-8C85-4E68-9766-E5291D4CE183} = {827E0CD3-B72D-47B6-A68D-7590B98EB39B}
		{2C1A57B2-4DC9-49FF-ABCC-31F42A66E891} = {827E0CD3-B72D-47B6-A68D-7590B98EB39B}
		{8638BD4B-366B-4DC9-B6AE-2E0768826A96} = {827E0CD3-B72D-47B6-A68D-7590B98EB39B}
		{4354FC3F-8E9D-4449-8B14-66780A4777A9} = {0AB3BF05-4346-4AA6-1389-037BE0695223}
	EndGlobalSection
	GlobalSection(ExtensibilityGlobals) = postSolution
		SolutionGuid = {63876AC4-4451-412E-9BE0-620E6F905167}
	EndGlobalSection
EndGlobal
