Microsoft Visual Studio Solution File, Format Version 12.00
# Visual Studio Version 17
VisualStudioVersion = 17.5.2.0
MinimumVisualStudioVersion = 10.0.40219.1
Project("{FAE04EC0-301F-11D3-BF4B-00C04F79EFBC}") = "AMR.Forms.Fabrica.Infrastructure", "AMR.Forms.Fabrica.Infrastructure.csproj", "{06E20904-DDBE-BAC8-D3AC-FBC34C00BD5A}"
EndProject
Global
	GlobalSection(SolutionConfigurationPlatforms) = preSolution
		Debug|Any CPU = Debug|Any CPU
		Release|Any CPU = Release|Any CPU
	EndGlobalSection
	GlobalSection(ProjectConfigurationPlatforms) = postSolution
		{06E20904-DDBE-BAC8-D3AC-FBC34C00BD5A}.Debug|Any CPU.ActiveCfg = Debug|Any CPU
		{06E20904-DDBE-BAC8-D3AC-FBC34C00BD5A}.Debug|Any CPU.Build.0 = Debug|Any CPU
		{06E20904-DDBE-BAC8-D3AC-FBC34C00BD5A}.Release|Any CPU.ActiveCfg = Release|Any CPU
		{06E20904-DDBE-BAC8-D3AC-FBC34C00BD5A}.Release|Any CPU.Build.0 = Release|Any CPU
	EndGlobalSection
	GlobalSection(SolutionProperties) = preSolution
		HideSolutionNode = FALSE
	EndGlobalSection
	GlobalSection(ExtensibilityGlobals) = postSolution
		SolutionGuid = {729CF06B-DB64-4B0A-B38C-D22D2B7DE0E5}
	EndGlobalSection
EndGlobal
