Microsoft Visual Studio Solution File, Format Version 12.00
# Visual Studio Version 17
VisualStudioVersion = 17.5.2.0
MinimumVisualStudioVersion = 10.0.40219.1
Project("{FAE04EC0-301F-11D3-BF4B-00C04F79EFBC}") = "RDS.Forms.Fabrica.API", "RDS.Forms.Fabrica.API.csproj", "{376003F4-7D4E-456C-A97A-BF97444E967C}"
EndProject
Global
	GlobalSection(SolutionConfigurationPlatforms) = preSolution
		Debug|Any CPU = Debug|Any CPU
		Release|Any CPU = Release|Any CPU
	EndGlobalSection
	GlobalSection(ProjectConfigurationPlatforms) = postSolution
		{376003F4-7D4E-456C-A97A-BF97444E967C}.Debug|Any CPU.ActiveCfg = Debug|Any CPU
		{376003F4-7D4E-456C-A97A-BF97444E967C}.Debug|Any CPU.Build.0 = Debug|Any CPU
		{376003F4-7D4E-456C-A97A-BF97444E967C}.Release|Any CPU.ActiveCfg = Release|Any CPU
		{376003F4-7D4E-456C-A97A-BF97444E967C}.Release|Any CPU.Build.0 = Release|Any CPU
	EndGlobalSection
	GlobalSection(SolutionProperties) = preSolution
		HideSolutionNode = FALSE
	EndGlobalSection
	GlobalSection(ExtensibilityGlobals) = postSolution
		SolutionGuid = {7A0F9DAB-7AE7-4F47-8C97-92D175573CFC}
	EndGlobalSection
EndGlobal
